# THIS IS AN AUTOGENERATED FILE. DO NOT EDIT THIS FILE DIRECTLY.
# yarn lockfile v1


install@^0.13.0:
  version "0.13.0"
  resolved "https://registry.yarnpkg.com/install/-/install-0.13.0.tgz#6af6e9da9dd0987de2ab420f78e60d9c17260776"
  integrity sha512-zDml/jzr2PKU9I8J/xyZBQn8rPCAY//UOYNmR01XwNwyfhEWObo2SWfSl1+0tm1u6PhxLwDnfsT/6jB7OUxqFA==

node-bin-setup@^1.0.0:
  version "1.1.3"
  resolved "https://registry.yarnpkg.com/node-bin-setup/-/node-bin-setup-1.1.3.tgz#d45d5220e3b2ecc3a94263a56116f727f6c1bb14"
  integrity sha512-opgw9iSCAzT2+6wJOETCpeRYAQxSopqQ2z+N6BXwIMsQQ7Zj5M8MaafQY8JMlolRR6R1UXg2WmhKp0p9lSOivg==

node@^21.2.0:
  version "21.2.0"
  resolved "https://registry.yarnpkg.com/node/-/node-21.2.0.tgz#0d196cc33997ab65feb2ffe30d10d961a7de7259"
  integrity sha512-oiHX7SXGdO1wyg0/lZ1ZMy1iS7GgumsT5Ptt5BOye1WniC8OJ2TtYRuWfqNoKrUlYzI4+Bv1+NH5eDgxuThU2A==
  dependencies:
    node-bin-setup "^1.0.0"
